// !$*UTF8*$!
{
	archiveVersion = 1;
	classes = {
	};
	objectVersion = 55;
	objects = {

/* Begin PBXBuildFile section */
		624536A9901A42308B982C81 /* Pods_NotEnoughProduction.framework in Frameworks */ = {isa = PBXBuildFile; fileRef = 833FBEDAAC6FDBBBB6D10118 /* Pods_NotEnoughProduction.framework */; };
		C47C0A98270D8358009A6A4F /* NotEnoughProductionApp.swift in Sources */ = {isa = PBXBuildFile; fileRef = C47C0A97270D8358009A6A4F /* NotEnoughProductionApp.swift */; };
		C47C0A9A270D8358009A6A4F /* ContentView.swift in Sources */ = {isa = PBXBuildFile; fileRef = C47C0A99270D8358009A6A4F /* ContentView.swift */; };
		C47C0A9C270D835A009A6A4F /* Assets.xcassets in Resources */ = {isa = PBXBuildFile; fileRef = C47C0A9B270D835A009A6A4F /* Assets.xcassets */; };
		C47C0A9F270D835A009A6A4F /* Preview Assets.xcassets in Resources */ = {isa = PBXBuildFile; fileRef = C47C0A9E270D835A009A6A4F /* Preview Assets.xcassets */; };
		C47C0AA6270D9E60009A6A4F /* Shared.xcframework in Frameworks */ = {isa = PBXBuildFile; fileRef = C47C0AA5270D9E60009A6A4F /* Shared.xcframework */; };
/* End PBXBuildFile section */

/* Begin PBXFileReference section */
		0C4607C414D7C1BB153B0525 /* Pods-NotEnoughProduction.release.xcconfig */ = {isa = PBXFileReference; includeInIndex = 1; lastKnownFileType = text.xcconfig; name = "Pods-NotEnoughProduction.release.xcconfig"; path = "Target Support Files/Pods-NotEnoughProduction/Pods-NotEnoughProduction.release.xcconfig"; sourceTree = "<group>"; };
		833FBEDAAC6FDBBBB6D10118 /* Pods_NotEnoughProduction.framework */ = {isa = PBXFileReference; explicitFileType = wrapper.framework; includeInIndex = 0; path = Pods_NotEnoughProduction.framework; sourceTree = BUILT_PRODUCTS_DIR; };
		C47C0A94270D8358009A6A4F /* NotEnoughProduction.app */ = {isa = PBXFileReference; explicitFileType = wrapper.application; includeInIndex = 0; path = NotEnoughProduction.app; sourceTree = BUILT_PRODUCTS_DIR; };
		C47C0A97270D8358009A6A4F /* NotEnoughProductionApp.swift */ = {isa = PBXFileReference; lastKnownFileType = sourcecode.swift; path = NotEnoughProductionApp.swift; sourceTree = "<group>"; };
		C47C0A99270D8358009A6A4F /* ContentView.swift */ = {isa = PBXFileReference; lastKnownFileType = sourcecode.swift; path = ContentView.swift; sourceTree = "<group>"; };
		C47C0A9B270D835A009A6A4F /* Assets.xcassets */ = {isa = PBXFileReference; lastKnownFileType = folder.assetcatalog; path = Assets.xcassets; sourceTree = "<group>"; };
		C47C0A9E270D835A009A6A4F /* Preview Assets.xcassets */ = {isa = PBXFileReference; lastKnownFileType = folder.assetcatalog; path = "Preview Assets.xcassets"; sourceTree = "<group>"; };
		C47C0AA5270D9E60009A6A4F /* Shared.xcframework */ = {isa = PBXFileReference; lastKnownFileType = wrapper.xcframework; name = Shared.xcframework; path = ../../shared/swiftpackage/Shared.xcframework; sourceTree = "<group>"; };
		C49D93EB270EF9F40057BB63 /* Info.plist */ = {isa = PBXFileReference; lastKnownFileType = text.plist; path = Info.plist; sourceTree = "<group>"; };
		C6FC1DA07691A09C62C2FCC1 /* Pods-NotEnoughProduction.debug.xcconfig */ = {isa = PBXFileReference; includeInIndex = 1; lastKnownFileType = text.xcconfig; name = "Pods-NotEnoughProduction.debug.xcconfig"; path = "Target Support Files/Pods-NotEnoughProduction/Pods-NotEnoughProduction.debug.xcconfig"; sourceTree = "<group>"; };
/* End PBXFileReference section */

/* Begin PBXFrameworksBuildPhase section */
		C47C0A91270D8358009A6A4F /* Frameworks */ = {
			isa = PBXFrameworksBuildPhase;
			buildActionMask = 2147483647;
			files = (
				C47C0AA6270D9E60009A6A4F /* Shared.xcframework in Frameworks */,
				624536A9901A42308B982C81 /* Pods_NotEnoughProduction.framework in Frameworks */,
			);
			runOnlyForDeploymentPostprocessing = 0;
		};
/* End PBXFrameworksBuildPhase section */

/* Begin PBXGroup section */
		C47C0A8B270D8358009A6A4F = {
			isa = PBXGroup;
			children = (
				C47C0AA5270D9E60009A6A4F /* Shared.xcframework */,
				C47C0A96270D8358009A6A4F /* NotEnoughProduction */,
				C47C0A95270D8358009A6A4F /* Products */,
				C67BC56AF29B8800FB29ED0B /* Pods */,
				D4D44BC1E6C87D9699E23A5E /* Frameworks */,
			);
			sourceTree = "<group>";
		};
		C47C0A95270D8358009A6A4F /* Products */ = {
			isa = PBXGroup;
			children = (
				C47C0A94270D8358009A6A4F /* NotEnoughProduction.app */,
			);
			name = Products;
			sourceTree = "<group>";
		};
		C47C0A96270D8358009A6A4F /* NotEnoughProduction */ = {
			isa = PBXGroup;
			children = (
				C49D93EB270EF9F40057BB63 /* Info.plist */,
				C47C0A97270D8358009A6A4F /* NotEnoughProductionApp.swift */,
				C47C0A99270D8358009A6A4F /* ContentView.swift */,
				C47C0A9B270D835A009A6A4F /* Assets.xcassets */,
				C47C0A9D270D835A009A6A4F /* Preview Content */,
			);
			path = NotEnoughProduction;
			sourceTree = "<group>";
		};
		C47C0A9D270D835A009A6A4F /* Preview Content */ = {
			isa = PBXGroup;
			children = (
				C47C0A9E270D835A009A6A4F /* Preview Assets.xcassets */,
			);
			path = "Preview Content";
			sourceTree = "<group>";
		};
		C67BC56AF29B8800FB29ED0B /* Pods */ = {
			isa = PBXGroup;
			children = (
				C6FC1DA07691A09C62C2FCC1 /* Pods-NotEnoughProduction.debug.xcconfig */,
				0C4607C414D7C1BB153B0525 /* Pods-NotEnoughProduction.release.xcconfig */,
			);
			path = Pods;
			sourceTree = "<group>";
		};
		D4D44BC1E6C87D9699E23A5E /* Frameworks */ = {
			isa = PBXGroup;
			children = (
				833FBEDAAC6FDBBBB6D10118 /* Pods_NotEnoughProduction.framework */,
			);
			name = Frameworks;
			sourceTree = "<group>";
		};
/* End PBXGroup section */

/* Begin PBXNativeTarget section */
		C47C0A93270D8358009A6A4F /* NotEnoughProduction */ = {
			isa = PBXNativeTarget;
			buildConfigurationList = C47C0AA2270D835A009A6A4F /* Build configuration list for PBXNativeTarget "NotEnoughProduction" */;
			buildPhases = (
				0A7F0474FE11FF558BC113B4 /* [CP] Check Pods Manifest.lock */,
				C47C0A90270D8358009A6A4F /* Sources */,
				C47C0A91270D8358009A6A4F /* Frameworks */,
				C49D93ED270EFA200057BB63 /* Copy Resources */,
				C47C0A92270D8358009A6A4F /* Resources */,
				C47C0AAC270DA508009A6A4F /* Lint */,
			);
			buildRules = (
			);
			dependencies = (
			);
			name = NotEnoughProduction;
			productName = NotEnoughProduction;
			productReference = C47C0A94270D8358009A6A4F /* NotEnoughProduction.app */;
			productType = "com.apple.product-type.application";
		};
/* End PBXNativeTarget section */

/* Begin PBXProject section */
		C47C0A8C270D8358009A6A4F /* Project object */ = {
			isa = PBXProject;
			attributes = {
				BuildIndependentTargetsInParallel = 1;
				LastSwiftUpdateCheck = 1300;
				LastUpgradeCheck = 1300;
				TargetAttributes = {
					C47C0A93270D8358009A6A4F = {
						CreatedOnToolsVersion = 13.0;
					};
				};
			};
			buildConfigurationList = C47C0A8F270D8358009A6A4F /* Build configuration list for PBXProject "NotEnoughProduction" */;
			compatibilityVersion = "Xcode 13.0";
			developmentRegion = en;
			hasScannedForEncodings = 0;
			knownRegions = (
				en,
				Base,
			);
			mainGroup = C47C0A8B270D8358009A6A4F;
			productRefGroup = C47C0A95270D8358009A6A4F /* Products */;
			projectDirPath = "";
			projectRoot = "";
			targets = (
				C47C0A93270D8358009A6A4F /* NotEnoughProduction */,
			);
		};
/* End PBXProject section */

/* Begin PBXResourcesBuildPhase section */
		C47C0A92270D8358009A6A4F /* Resources */ = {
			isa = PBXResourcesBuildPhase;
			buildActionMask = 2147483647;
			files = (
				C47C0A9F270D835A009A6A4F /* Preview Assets.xcassets in Resources */,
				C47C0A9C270D835A009A6A4F /* Assets.xcassets in Resources */,
			);
			runOnlyForDeploymentPostprocessing = 0;
		};
/* End PBXResourcesBuildPhase section */

/* Begin PBXShellScriptBuildPhase section */
		0A7F0474FE11FF558BC113B4 /* [CP] Check Pods Manifest.lock */ = {
			isa = PBXShellScriptBuildPhase;
			buildActionMask = 2147483647;
			files = (
			);
			inputFileListPaths = (
			);
			inputPaths = (
				"${PODS_PODFILE_DIR_PATH}/Podfile.lock",
				"${PODS_ROOT}/Manifest.lock",
			);
			name = "[CP] Check Pods Manifest.lock";
			outputFileListPaths = (
			);
			outputPaths = (
				"$(DERIVED_FILE_DIR)/Pods-NotEnoughProduction-checkManifestLockResult.txt",
			);
			runOnlyForDeploymentPostprocessing = 0;
			shellPath = /bin/sh;
			shellScript = "diff \"${PODS_PODFILE_DIR_PATH}/Podfile.lock\" \"${PODS_ROOT}/Manifest.lock\" > /dev/null\nif [ $? != 0 ] ; then\n    # print error to STDERR\n    echo \"error: The sandbox is not in sync with the Podfile.lock. Run 'pod install' or update your CocoaPods installation.\" >&2\n    exit 1\nfi\n# This output is used by Xcode 'outputs' to avoid re-running this script phase.\necho \"SUCCESS\" > \"${SCRIPT_OUTPUT_FILE_0}\"\n";
			showEnvVarsInLog = 0;
		};
		C47C0AAC270DA508009A6A4F /* Lint */ = {
			isa = PBXShellScriptBuildPhase;
			buildActionMask = 2147483647;
			files = (
			);
			inputFileListPaths = (
			);
			inputPaths = (
			);
			name = Lint;
			outputFileListPaths = (
			);
			outputPaths = (
			);
			runOnlyForDeploymentPostprocessing = 0;
			shellPath = /bin/sh;
			shellScript = "# Type a script or drag a script file from your workspace to insert its path.\nif which swiftlint >\"${PODS_ROOT}/SwiftLint/swiftlint\"; then\n  swiftlint\nelse\n  echo \"warning: SwiftLint not installed, download from https://github.com/realm/SwiftLint\"\nfi\n";
		};
		C49D93ED270EFA200057BB63 /* Copy Resources */ = {
			isa = PBXShellScriptBuildPhase;
			buildActionMask = 2147483647;
			files = (
			);
			inputFileListPaths = (
			);
			inputPaths = (
			);
			name = "Copy Resources";
			outputFileListPaths = (
			);
			outputPaths = (
			);
			runOnlyForDeploymentPostprocessing = 0;
			shellPath = /bin/sh;
			shellScript = "# Type a script or drag a script file from your workspace to insert its path.\n\"$SRCROOT/../../gradlew\" -p \"$SRCROOT/../../\" :shared:copyFrameworkResourcesToApp \\\n    -Pmoko.resources.PLATFORM_NAME=$PLATFORM_NAME \\\n    -Pmoko.resources.CONFIGURATION=$CONFIGURATION \\\n    -Pmoko.resources.BUILT_PRODUCTS_DIR=$BUILT_PRODUCTS_DIR \\\n    -Pmoko.resources.CONTENTS_FOLDER_PATH=$CONTENTS_FOLDER_PATH\n";
		};
/* End PBXShellScriptBuildPhase section */

/* Begin PBXSourcesBuildPhase section */
		C47C0A90270D8358009A6A4F /* Sources */ = {
			isa = PBXSourcesBuildPhase;
			buildActionMask = 2147483647;
			files = (
				C47C0A9A270D8358009A6A4F /* ContentView.swift in Sources */,
				C47C0A98270D8358009A6A4F /* NotEnoughProductionApp.swift in Sources */,
			);
			runOnlyForDeploymentPostprocessing = 0;
		};
/* End PBXSourcesBuildPhase section */

/* Begin XCBuildConfiguration section */
		C47C0AA0270D835A009A6A4F /* Debug */ = {
			isa = XCBuildConfiguration;
			buildSettings = {
				ALWAYS_SEARCH_USER_PATHS = NO;
				CLANG_ANALYZER_NONNULL = YES;
				CLANG_ANALYZER_NUMBER_OBJECT_CONVERSION = YES_AGGRESSIVE;
				CLANG_CXX_LANGUAGE_STANDARD = "gnu++17";
				CLANG_CXX_LIBRARY = "libc++";
				CLANG_ENABLE_MODULES = YES;
				CLANG_ENABLE_OBJC_ARC = YES;
				CLANG_ENABLE_OBJC_WEAK = YES;
				CLANG_WARN_BLOCK_CAPTURE_AUTORELEASING = YES;
				CLANG_WARN_BOOL_CONVERSION = YES;
				CLANG_WARN_COMMA = YES;
				CLANG_WARN_CONSTANT_CONVERSION = YES;
				CLANG_WARN_DEPRECATED_OBJC_IMPLEMENTATIONS = YES;
				CLANG_WARN_DIRECT_OBJC_ISA_USAGE = YES_ERROR;
				CLANG_WARN_DOCUMENTATION_COMMENTS = YES;
				CLANG_WARN_EMPTY_BODY = YES;
				CLANG_WARN_ENUM_CONVERSION = YES;
				CLANG_WARN_INFINITE_RECURSION = YES;
				CLANG_WARN_INT_CONVERSION = YES;
				CLANG_WARN_NON_LITERAL_NULL_CONVERSION = YES;
				CLANG_WARN_OBJC_IMPLICIT_RETAIN_SELF = YES;
				CLANG_WARN_OBJC_LITERAL_CONVERSION = YES;
				CLANG_WARN_OBJC_ROOT_CLASS = YES_ERROR;
				CLANG_WARN_QUOTED_INCLUDE_IN_FRAMEWORK_HEADER = YES;
				CLANG_WARN_RANGE_LOOP_ANALYSIS = YES;
				CLANG_WARN_STRICT_PROTOTYPES = YES;
				CLANG_WARN_SUSPICIOUS_MOVE = YES;
				CLANG_WARN_UNGUARDED_AVAILABILITY = YES_AGGRESSIVE;
				CLANG_WARN_UNREACHABLE_CODE = YES;
				CLANG_WARN__DUPLICATE_METHOD_MATCH = YES;
				COPY_PHASE_STRIP = NO;
				DEBUG_INFORMATION_FORMAT = dwarf;
				ENABLE_STRICT_OBJC_MSGSEND = YES;
				ENABLE_TESTABILITY = YES;
				GCC_C_LANGUAGE_STANDARD = gnu11;
				GCC_DYNAMIC_NO_PIC = NO;
				GCC_NO_COMMON_BLOCKS = YES;
				GCC_OPTIMIZATION_LEVEL = 0;
				GCC_PREPROCESSOR_DEFINITIONS = (
					"DEBUG=1",
					"$(inherited)",
				);
				GCC_WARN_64_TO_32_BIT_CONVERSION = YES;
				GCC_WARN_ABOUT_RETURN_TYPE = YES_ERROR;
				GCC_WARN_UNDECLARED_SELECTOR = YES;
				GCC_WARN_UNINITIALIZED_AUTOS = YES_AGGRESSIVE;
				GCC_WARN_UNUSED_FUNCTION = YES;
				GCC_WARN_UNUSED_VARIABLE = YES;
				IPHONEOS_DEPLOYMENT_TARGET = 15.0;
				MTL_ENABLE_DEBUG_INFO = INCLUDE_SOURCE;
				MTL_FAST_MATH = YES;
				ONLY_ACTIVE_ARCH = YES;
				SDKROOT = iphoneos;
				SWIFT_ACTIVE_COMPILATION_CONDITIONS = DEBUG;
				SWIFT_OPTIMIZATION_LEVEL = "-Onone";
			};
			name = Debug;
		};
		C47C0AA1270D835A009A6A4F /* Release */ = {
			isa = XCBuildConfiguration;
			buildSettings = {
				ALWAYS_SEARCH_USER_PATHS = NO;
				CLANG_ANALYZER_NONNULL = YES;
				CLANG_ANALYZER_NUMBER_OBJECT_CONVERSION = YES_AGGRESSIVE;
				CLANG_CXX_LANGUAGE_STANDARD = "gnu++17";
				CLANG_CXX_LIBRARY = "libc++";
				CLANG_ENABLE_MODULES = YES;
				CLANG_ENABLE_OBJC_ARC = YES;
				CLANG_ENABLE_OBJC_WEAK = YES;
				CLANG_WARN_BLOCK_CAPTURE_AUTORELEASING = YES;
				CLANG_WARN_BOOL_CONVERSION = YES;
				CLANG_WARN_COMMA = YES;
				CLANG_WARN_CONSTANT_CONVERSION = YES;
				CLANG_WARN_DEPRECATED_OBJC_IMPLEMENTATIONS = YES;
				CLANG_WARN_DIRECT_OBJC_ISA_USAGE = YES_ERROR;
				CLANG_WARN_DOCUMENTATION_COMMENTS = YES;
				CLANG_WARN_EMPTY_BODY = YES;
				CLANG_WARN_ENUM_CONVERSION = YES;
				CLANG_WARN_INFINITE_RECURSION = YES;
				CLANG_WARN_INT_CONVERSION = YES;
				CLANG_WARN_NON_LITERAL_NULL_CONVERSION = YES;
				CLANG_WARN_OBJC_IMPLICIT_RETAIN_SELF = YES;
				CLANG_WARN_OBJC_LITERAL_CONVERSION = YES;
				CLANG_WARN_OBJC_ROOT_CLASS = YES_ERROR;
				CLANG_WARN_QUOTED_INCLUDE_IN_FRAMEWORK_HEADER = YES;
				CLANG_WARN_RANGE_LOOP_ANALYSIS = YES;
				CLANG_WARN_STRICT_PROTOTYPES = YES;
				CLANG_WARN_SUSPICIOUS_MOVE = YES;
				CLANG_WARN_UNGUARDED_AVAILABILITY = YES_AGGRESSIVE;
				CLANG_WARN_UNREACHABLE_CODE = YES;
				CLANG_WARN__DUPLICATE_METHOD_MATCH = YES;
				COPY_PHASE_STRIP = NO;
				DEBUG_INFORMATION_FORMAT = "dwarf-with-dsym";
				ENABLE_NS_ASSERTIONS = NO;
				ENABLE_STRICT_OBJC_MSGSEND = YES;
				GCC_C_LANGUAGE_STANDARD = gnu11;
				GCC_NO_COMMON_BLOCKS = YES;
				GCC_WARN_64_TO_32_BIT_CONVERSION = YES;
				GCC_WARN_ABOUT_RETURN_TYPE = YES_ERROR;
				GCC_WARN_UNDECLARED_SELECTOR = YES;
				GCC_WARN_UNINITIALIZED_AUTOS = YES_AGGRESSIVE;
				GCC_WARN_UNUSED_FUNCTION = YES;
				GCC_WARN_UNUSED_VARIABLE = YES;
				IPHONEOS_DEPLOYMENT_TARGET = 15.0;
				MTL_ENABLE_DEBUG_INFO = NO;
				MTL_FAST_MATH = YES;
				SDKROOT = iphoneos;
				SWIFT_COMPILATION_MODE = wholemodule;
				SWIFT_OPTIMIZATION_LEVEL = "-O";
				VALIDATE_PRODUCT = YES;
			};
			name = Release;
		};
		C47C0AA3270D835A009A6A4F /* Debug */ = {
			isa = XCBuildConfiguration;
			baseConfigurationReference = C6FC1DA07691A09C62C2FCC1 /* Pods-NotEnoughProduction.debug.xcconfig */;
			buildSettings = {
				ASSETCATALOG_COMPILER_APPICON_NAME = AppIcon;
				ASSETCATALOG_COMPILER_GLOBAL_ACCENT_COLOR_NAME = AccentColor;
				CODE_SIGN_STYLE = Automatic;
				CURRENT_PROJECT_VERSION = 1;
				DEVELOPMENT_ASSET_PATHS = "\"NotEnoughProduction/Preview Content\"";
				DEVELOPMENT_TEAM = 888A6PYX4T;
				ENABLE_PREVIEWS = YES;
				FRAMEWORK_SEARCH_PATHS = "${SRCROOT}/../../shared/swiftpackage";
				GENERATE_INFOPLIST_FILE = YES;
				INFOPLIST_FILE = NotEnoughProduction/Info.plist;
				INFOPLIST_KEY_UIApplicationSceneManifest_Generation = YES;
				INFOPLIST_KEY_UIApplicationSupportsIndirectInputEvents = YES;
				INFOPLIST_KEY_UILaunchScreen_Generation = YES;
				INFOPLIST_KEY_UISupportedInterfaceOrientations_iPad = "UIInterfaceOrientationPortrait UIInterfaceOrientationPortraitUpsideDown UIInterfaceOrientationLandscapeLeft UIInterfaceOrientationLandscapeRight";
				INFOPLIST_KEY_UISupportedInterfaceOrientations_iPhone = "UIInterfaceOrientationPortrait UIInterfaceOrientationLandscapeLeft UIInterfaceOrientationLandscapeRight";
				IPHONEOS_DEPLOYMENT_TARGET = 14.0;
				"KOTLIN_TARGET[sdk=iphoneos*]" = ios_arm64;
				"KOTLIN_TARGET[sdk=iphonesimulator*]" = ios_x64;
				LD_RUNPATH_SEARCH_PATHS = (
					"$(inherited)",
					"@executable_path/Frameworks",
				);
				MARKETING_VERSION = 1.0;
				PRODUCT_BUNDLE_IDENTIFIER = com.xhlab.nep;
				PRODUCT_NAME = "$(TARGET_NAME)";
				SWIFT_EMIT_LOC_STRINGS = YES;
				SWIFT_VERSION = 5.0;
				TARGETED_DEVICE_FAMILY = "1,2";
			};
			name = Debug;
		};
		C47C0AA4270D835A009A6A4F /* Release */ = {
			isa = XCBuildConfiguration;
			baseConfigurationReference = 0C4607C414D7C1BB153B0525 /* Pods-NotEnoughProduction.release.xcconfig */;
			buildSettings = {
				ASSETCATALOG_COMPILER_APPICON_NAME = AppIcon;
				ASSETCATALOG_COMPILER_GLOBAL_ACCENT_COLOR_NAME = AccentColor;
				CODE_SIGN_STYLE = Automatic;
				CURRENT_PROJECT_VERSION = 1;
				DEVELOPMENT_ASSET_PATHS = "\"NotEnoughProduction/Preview Content\"";
				DEVELOPMENT_TEAM = 888A6PYX4T;
				ENABLE_PREVIEWS = YES;
				FRAMEWORK_SEARCH_PATHS = "${SRCROOT}/../../shared/swiftpackage";
				GENERATE_INFOPLIST_FILE = YES;
				INFOPLIST_FILE = NotEnoughProduction/Info.plist;
				INFOPLIST_KEY_UIApplicationSceneManifest_Generation = YES;
				INFOPLIST_KEY_UIApplicationSupportsIndirectInputEvents = YES;
				INFOPLIST_KEY_UILaunchScreen_Generation = YES;
				INFOPLIST_KEY_UISupportedInterfaceOrientations_iPad = "UIInterfaceOrientationPortrait UIInterfaceOrientationPortraitUpsideDown UIInterfaceOrientationLandscapeLeft UIInterfaceOrientationLandscapeRight";
				INFOPLIST_KEY_UISupportedInterfaceOrientations_iPhone = "UIInterfaceOrientationPortrait UIInterfaceOrientationLandscapeLeft UIInterfaceOrientationLandscapeRight";
				IPHONEOS_DEPLOYMENT_TARGET = 14.0;
				"KOTLIN_TARGET[sdk=iphoneos*]" = ios_arm64;
				"KOTLIN_TARGET[sdk=iphonesimulator*]" = ios_x64;
				LD_RUNPATH_SEARCH_PATHS = (
					"$(inherited)",
					"@executable_path/Frameworks",
				);
				MARKETING_VERSION = 1.0;
				PRODUCT_BUNDLE_IDENTIFIER = com.xhlab.nep;
				PRODUCT_NAME = "$(TARGET_NAME)";
				SWIFT_EMIT_LOC_STRINGS = YES;
				SWIFT_VERSION = 5.0;
				TARGETED_DEVICE_FAMILY = "1,2";
			};
			name = Release;
		};
/* End XCBuildConfiguration section */

/* Begin XCConfigurationList section */
		C47C0A8F270D8358009A6A4F /* Build configuration list for PBXProject "NotEnoughProduction" */ = {
			isa = XCConfigurationList;
			buildConfigurations = (
				C47C0AA0270D835A009A6A4F /* Debug */,
				C47C0AA1270D835A009A6A4F /* Release */,
			);
			defaultConfigurationIsVisible = 0;
			defaultConfigurationName = Release;
		};
		C47C0AA2270D835A009A6A4F /* Build configuration list for PBXNativeTarget "NotEnoughProduction" */ = {
			isa = XCConfigurationList;
			buildConfigurations = (
				C47C0AA3270D835A009A6A4F /* Debug */,
				C47C0AA4270D835A009A6A4F /* Release */,
			);
			defaultConfigurationIsVisible = 0;
			defaultConfigurationName = Release;
		};
/* End XCConfigurationList section */
	};
	rootObject = C47C0A8C270D8358009A6A4F /* Project object */;
}
