// !$*UTF8*$!
{
	archiveVersion = 1;
	classes = {
	};
	objectVersion = 55;
	objects = {

/* Begin PBXBuildFile section */
		624536A9901A42308B982C81 /* Pods_NotEnoughProduction.framework in Frameworks */ = {isa = PBXBuildFile; fileRef = 833FBEDAAC6FDBBBB6D10118 /* Pods_NotEnoughProduction.framework */; };
		C41A92C32747D1EF00D05B41 /* Cleanse in Frameworks */ = {isa = PBXBuildFile; productRef = C41A92C22747D1EF00D05B41 /* Cleanse */; };
		C41A92C62747D20300D05B41 /* AppComponent.swift in Sources */ = {isa = PBXBuildFile; fileRef = C41A92C52747D20300D05B41 /* AppComponent.swift */; };
		C41A92C82747D2D300D05B41 /* AppModule.swift in Sources */ = {isa = PBXBuildFile; fileRef = C41A92C72747D2D300D05B41 /* AppModule.swift */; };
		C41A92CA2747D2F700D05B41 /* DomainModule.swift in Sources */ = {isa = PBXBuildFile; fileRef = C41A92C92747D2F700D05B41 /* DomainModule.swift */; };
		C41A92CC2747D31100D05B41 /* UIModule.swift in Sources */ = {isa = PBXBuildFile; fileRef = C41A92CB2747D31100D05B41 /* UIModule.swift */; };
		C41A92CE2747D32C00D05B41 /* SwiftUIViewModel.swift in Sources */ = {isa = PBXBuildFile; fileRef = C41A92CD2747D32C00D05B41 /* SwiftUIViewModel.swift */; };
		C41A92D22747D38600D05B41 /* MainSwiftUIViewModel.swift in Sources */ = {isa = PBXBuildFile; fileRef = C41A92D12747D38600D05B41 /* MainSwiftUIViewModel.swift */; };
		C41A92D42747D4D500D05B41 /* MainScreen.swift in Sources */ = {isa = PBXBuildFile; fileRef = C41A92D32747D4D500D05B41 /* MainScreen.swift */; };
		C41A92D62747D7D600D05B41 /* DatabaseModule.swift in Sources */ = {isa = PBXBuildFile; fileRef = C41A92D52747D7D600D05B41 /* DatabaseModule.swift */; };
		C41A92D92747DC0800D05B41 /* ItemDomainModule.swift in Sources */ = {isa = PBXBuildFile; fileRef = C41A92D82747DC0700D05B41 /* ItemDomainModule.swift */; };
		C41A92DC2747DCC100D05B41 /* ItemBrowserSwiftUIViewModel.swift in Sources */ = {isa = PBXBuildFile; fileRef = C41A92DB2747DCC100D05B41 /* ItemBrowserSwiftUIViewModel.swift */; };
		C41A92E12747E14F00D05B41 /* ItemBrowser.swift in Sources */ = {isa = PBXBuildFile; fileRef = C41A92E02747E14F00D05B41 /* ItemBrowser.swift */; };
		C41A92E42747EADE00D05B41 /* ModelRecipeElement.swift in Sources */ = {isa = PBXBuildFile; fileRef = C41A92E32747EADE00D05B41 /* ModelRecipeElement.swift */; };
		C41A92E72747F6A300D05B41 /* RecipeElementItem.swift in Sources */ = {isa = PBXBuildFile; fileRef = C41A92E62747F6A300D05B41 /* RecipeElementItem.swift */; };
		C41A92E927480B6F00D05B41 /* MachineDomainModule.swift in Sources */ = {isa = PBXBuildFile; fileRef = C41A92E827480B6F00D05B41 /* MachineDomainModule.swift */; };
		C41A92EC27480C7300D05B41 /* MachineBrowserSwiftUIViewModel.swift in Sources */ = {isa = PBXBuildFile; fileRef = C41A92EB27480C7300D05B41 /* MachineBrowserSwiftUIViewModel.swift */; };
		C41A92EF27480E5500D05B41 /* MachineBrowser.swift in Sources */ = {isa = PBXBuildFile; fileRef = C41A92EE27480E5500D05B41 /* MachineBrowser.swift */; };
		C41A92F22748C4F900D05B41 /* MachineItem.swift in Sources */ = {isa = PBXBuildFile; fileRef = C41A92F12748C4F900D05B41 /* MachineItem.swift */; };
		C41A92F42748C53B00D05B41 /* String.swift in Sources */ = {isa = PBXBuildFile; fileRef = C41A92F32748C53B00D05B41 /* String.swift */; };
		C41A92F72748C78900D05B41 /* ProcessList.swift in Sources */ = {isa = PBXBuildFile; fileRef = C41A92F62748C78900D05B41 /* ProcessList.swift */; };
		C41A92FA2748C7A300D05B41 /* ProcessListSwiftUIViewModel.swift in Sources */ = {isa = PBXBuildFile; fileRef = C41A92F92748C7A300D05B41 /* ProcessListSwiftUIViewModel.swift */; };
		C41A92FC2748CDE200D05B41 /* ProcessDomainModule.swift in Sources */ = {isa = PBXBuildFile; fileRef = C41A92FB2748CDE100D05B41 /* ProcessDomainModule.swift */; };
		C41A92FF2748D07B00D05B41 /* ProcessSummaryItem.swift in Sources */ = {isa = PBXBuildFile; fileRef = C41A92FE2748D07B00D05B41 /* ProcessSummaryItem.swift */; };
		C41A93012748D10300D05B41 /* StringResolver.swift in Sources */ = {isa = PBXBuildFile; fileRef = C41A93002748D10300D05B41 /* StringResolver.swift */; };
		C41A9303274930DD00D05B41 /* ProcessIdName.swift in Sources */ = {isa = PBXBuildFile; fileRef = C41A9302274930DD00D05B41 /* ProcessIdName.swift */; };
		C41A93052749357300D05B41 /* ProcessRenameSheet.swift in Sources */ = {isa = PBXBuildFile; fileRef = C41A93042749357300D05B41 /* ProcessRenameSheet.swift */; };
		C41A93072749358E00D05B41 /* ProcessRenameSwiftUIViewModel.swift in Sources */ = {isa = PBXBuildFile; fileRef = C41A93062749358E00D05B41 /* ProcessRenameSwiftUIViewModel.swift */; };
		C41A930A27493D1200D05B41 /* TextFieldContainer.swift in Sources */ = {isa = PBXBuildFile; fileRef = C41A930927493D1200D05B41 /* TextFieldContainer.swift */; };
		C41A930E274A366B00D05B41 /* SnackBar.swift in Sources */ = {isa = PBXBuildFile; fileRef = C41A930D274A366B00D05B41 /* SnackBar.swift */; };
		C41A9310274A522100D05B41 /* ProcessImportSheet.swift in Sources */ = {isa = PBXBuildFile; fileRef = C41A930F274A522100D05B41 /* ProcessImportSheet.swift */; };
		C41A9312274A523400D05B41 /* ProcessImportSwiftUIViewModel.swift in Sources */ = {isa = PBXBuildFile; fileRef = C41A9311274A523400D05B41 /* ProcessImportSwiftUIViewModel.swift */; };
		C41A9314274A53E400D05B41 /* ProcessExportSheet.swift in Sources */ = {isa = PBXBuildFile; fileRef = C41A9313274A53E400D05B41 /* ProcessExportSheet.swift */; };
		C47C0A98270D8358009A6A4F /* NotEnoughProductionApp.swift in Sources */ = {isa = PBXBuildFile; fileRef = C47C0A97270D8358009A6A4F /* NotEnoughProductionApp.swift */; };
		C47C0A9C270D835A009A6A4F /* Assets.xcassets in Resources */ = {isa = PBXBuildFile; fileRef = C47C0A9B270D835A009A6A4F /* Assets.xcassets */; };
		C47C0A9F270D835A009A6A4F /* Preview Assets.xcassets in Resources */ = {isa = PBXBuildFile; fileRef = C47C0A9E270D835A009A6A4F /* Preview Assets.xcassets */; };
		C47C0AA6270D9E60009A6A4F /* Shared.xcframework in Frameworks */ = {isa = PBXBuildFile; fileRef = C47C0AA5270D9E60009A6A4F /* Shared.xcframework */; };
/* End PBXBuildFile section */

/* Begin PBXFileReference section */
		0C4607C414D7C1BB153B0525 /* Pods-NotEnoughProduction.release.xcconfig */ = {isa = PBXFileReference; includeInIndex = 1; lastKnownFileType = text.xcconfig; name = "Pods-NotEnoughProduction.release.xcconfig"; path = "Target Support Files/Pods-NotEnoughProduction/Pods-NotEnoughProduction.release.xcconfig"; sourceTree = "<group>"; };
		833FBEDAAC6FDBBBB6D10118 /* Pods_NotEnoughProduction.framework */ = {isa = PBXFileReference; explicitFileType = wrapper.framework; includeInIndex = 0; path = Pods_NotEnoughProduction.framework; sourceTree = BUILT_PRODUCTS_DIR; };
		C41A92C52747D20300D05B41 /* AppComponent.swift */ = {isa = PBXFileReference; lastKnownFileType = sourcecode.swift; path = AppComponent.swift; sourceTree = "<group>"; };
		C41A92C72747D2D300D05B41 /* AppModule.swift */ = {isa = PBXFileReference; lastKnownFileType = sourcecode.swift; path = AppModule.swift; sourceTree = "<group>"; };
		C41A92C92747D2F700D05B41 /* DomainModule.swift */ = {isa = PBXFileReference; lastKnownFileType = sourcecode.swift; path = DomainModule.swift; sourceTree = "<group>"; };
		C41A92CB2747D31100D05B41 /* UIModule.swift */ = {isa = PBXFileReference; lastKnownFileType = sourcecode.swift; path = UIModule.swift; sourceTree = "<group>"; };
		C41A92CD2747D32C00D05B41 /* SwiftUIViewModel.swift */ = {isa = PBXFileReference; lastKnownFileType = sourcecode.swift; path = SwiftUIViewModel.swift; sourceTree = "<group>"; };
		C41A92D12747D38600D05B41 /* MainSwiftUIViewModel.swift */ = {isa = PBXFileReference; lastKnownFileType = sourcecode.swift; path = MainSwiftUIViewModel.swift; sourceTree = "<group>"; };
		C41A92D32747D4D500D05B41 /* MainScreen.swift */ = {isa = PBXFileReference; lastKnownFileType = sourcecode.swift; path = MainScreen.swift; sourceTree = "<group>"; };
		C41A92D52747D7D600D05B41 /* DatabaseModule.swift */ = {isa = PBXFileReference; lastKnownFileType = sourcecode.swift; path = DatabaseModule.swift; sourceTree = "<group>"; };
		C41A92D82747DC0700D05B41 /* ItemDomainModule.swift */ = {isa = PBXFileReference; lastKnownFileType = sourcecode.swift; path = ItemDomainModule.swift; sourceTree = "<group>"; };
		C41A92DB2747DCC100D05B41 /* ItemBrowserSwiftUIViewModel.swift */ = {isa = PBXFileReference; lastKnownFileType = sourcecode.swift; path = ItemBrowserSwiftUIViewModel.swift; sourceTree = "<group>"; };
		C41A92E02747E14F00D05B41 /* ItemBrowser.swift */ = {isa = PBXFileReference; lastKnownFileType = sourcecode.swift; path = ItemBrowser.swift; sourceTree = "<group>"; };
		C41A92E32747EADE00D05B41 /* ModelRecipeElement.swift */ = {isa = PBXFileReference; lastKnownFileType = sourcecode.swift; path = ModelRecipeElement.swift; sourceTree = "<group>"; };
		C41A92E62747F6A300D05B41 /* RecipeElementItem.swift */ = {isa = PBXFileReference; lastKnownFileType = sourcecode.swift; path = RecipeElementItem.swift; sourceTree = "<group>"; };
		C41A92E827480B6F00D05B41 /* MachineDomainModule.swift */ = {isa = PBXFileReference; lastKnownFileType = sourcecode.swift; path = MachineDomainModule.swift; sourceTree = "<group>"; };
		C41A92EB27480C7300D05B41 /* MachineBrowserSwiftUIViewModel.swift */ = {isa = PBXFileReference; lastKnownFileType = sourcecode.swift; path = MachineBrowserSwiftUIViewModel.swift; sourceTree = "<group>"; };
		C41A92EE27480E5500D05B41 /* MachineBrowser.swift */ = {isa = PBXFileReference; lastKnownFileType = sourcecode.swift; path = MachineBrowser.swift; sourceTree = "<group>"; };
		C41A92F12748C4F900D05B41 /* MachineItem.swift */ = {isa = PBXFileReference; lastKnownFileType = sourcecode.swift; path = MachineItem.swift; sourceTree = "<group>"; };
		C41A92F32748C53B00D05B41 /* String.swift */ = {isa = PBXFileReference; lastKnownFileType = sourcecode.swift; path = String.swift; sourceTree = "<group>"; };
		C41A92F62748C78900D05B41 /* ProcessList.swift */ = {isa = PBXFileReference; lastKnownFileType = sourcecode.swift; path = ProcessList.swift; sourceTree = "<group>"; };
		C41A92F92748C7A300D05B41 /* ProcessListSwiftUIViewModel.swift */ = {isa = PBXFileReference; lastKnownFileType = sourcecode.swift; path = ProcessListSwiftUIViewModel.swift; sourceTree = "<group>"; };
		C41A92FB2748CDE100D05B41 /* ProcessDomainModule.swift */ = {isa = PBXFileReference; lastKnownFileType = sourcecode.swift; path = ProcessDomainModule.swift; sourceTree = "<group>"; };
		C41A92FE2748D07B00D05B41 /* ProcessSummaryItem.swift */ = {isa = PBXFileReference; lastKnownFileType = sourcecode.swift; path = ProcessSummaryItem.swift; sourceTree = "<group>"; };
		C41A93002748D10300D05B41 /* StringResolver.swift */ = {isa = PBXFileReference; lastKnownFileType = sourcecode.swift; path = StringResolver.swift; sourceTree = "<group>"; };
		C41A9302274930DD00D05B41 /* ProcessIdName.swift */ = {isa = PBXFileReference; lastKnownFileType = sourcecode.swift; path = ProcessIdName.swift; sourceTree = "<group>"; };
		C41A93042749357300D05B41 /* ProcessRenameSheet.swift */ = {isa = PBXFileReference; lastKnownFileType = sourcecode.swift; path = ProcessRenameSheet.swift; sourceTree = "<group>"; };
		C41A93062749358E00D05B41 /* ProcessRenameSwiftUIViewModel.swift */ = {isa = PBXFileReference; lastKnownFileType = sourcecode.swift; path = ProcessRenameSwiftUIViewModel.swift; sourceTree = "<group>"; };
		C41A930927493D1200D05B41 /* TextFieldContainer.swift */ = {isa = PBXFileReference; lastKnownFileType = sourcecode.swift; path = TextFieldContainer.swift; sourceTree = "<group>"; };
		C41A930D274A366B00D05B41 /* SnackBar.swift */ = {isa = PBXFileReference; lastKnownFileType = sourcecode.swift; path = SnackBar.swift; sourceTree = "<group>"; };
		C41A930F274A522100D05B41 /* ProcessImportSheet.swift */ = {isa = PBXFileReference; lastKnownFileType = sourcecode.swift; path = ProcessImportSheet.swift; sourceTree = "<group>"; };
		C41A9311274A523400D05B41 /* ProcessImportSwiftUIViewModel.swift */ = {isa = PBXFileReference; lastKnownFileType = sourcecode.swift; path = ProcessImportSwiftUIViewModel.swift; sourceTree = "<group>"; };
		C41A9313274A53E400D05B41 /* ProcessExportSheet.swift */ = {isa = PBXFileReference; lastKnownFileType = sourcecode.swift; path = ProcessExportSheet.swift; sourceTree = "<group>"; };
		C47C0A94270D8358009A6A4F /* NotEnoughProduction.app */ = {isa = PBXFileReference; explicitFileType = wrapper.application; includeInIndex = 0; path = NotEnoughProduction.app; sourceTree = BUILT_PRODUCTS_DIR; };
		C47C0A97270D8358009A6A4F /* NotEnoughProductionApp.swift */ = {isa = PBXFileReference; lastKnownFileType = sourcecode.swift; path = NotEnoughProductionApp.swift; sourceTree = "<group>"; };
		C47C0A9B270D835A009A6A4F /* Assets.xcassets */ = {isa = PBXFileReference; lastKnownFileType = folder.assetcatalog; path = Assets.xcassets; sourceTree = "<group>"; };
		C47C0A9E270D835A009A6A4F /* Preview Assets.xcassets */ = {isa = PBXFileReference; lastKnownFileType = folder.assetcatalog; path = "Preview Assets.xcassets"; sourceTree = "<group>"; };
		C47C0AA5270D9E60009A6A4F /* Shared.xcframework */ = {isa = PBXFileReference; lastKnownFileType = wrapper.xcframework; name = Shared.xcframework; path = ../../shared/swiftpackage/Shared.xcframework; sourceTree = "<group>"; };
		C49D93EB270EF9F40057BB63 /* Info.plist */ = {isa = PBXFileReference; lastKnownFileType = text.plist; path = Info.plist; sourceTree = "<group>"; };
		C6FC1DA07691A09C62C2FCC1 /* Pods-NotEnoughProduction.debug.xcconfig */ = {isa = PBXFileReference; includeInIndex = 1; lastKnownFileType = text.xcconfig; name = "Pods-NotEnoughProduction.debug.xcconfig"; path = "Target Support Files/Pods-NotEnoughProduction/Pods-NotEnoughProduction.debug.xcconfig"; sourceTree = "<group>"; };
/* End PBXFileReference section */

/* Begin PBXFrameworksBuildPhase section */
		C47C0A91270D8358009A6A4F /* Frameworks */ = {
			isa = PBXFrameworksBuildPhase;
			buildActionMask = 2147483647;
			files = (
				C41A92C32747D1EF00D05B41 /* Cleanse in Frameworks */,
				C47C0AA6270D9E60009A6A4F /* Shared.xcframework in Frameworks */,
				624536A9901A42308B982C81 /* Pods_NotEnoughProduction.framework in Frameworks */,
			);
			runOnlyForDeploymentPostprocessing = 0;
		};
/* End PBXFrameworksBuildPhase section */

/* Begin PBXGroup section */
		C41A92BD2747D18700D05B41 /* Shared */ = {
			isa = PBXGroup;
			children = (
				C41A92C42747D1F600D05B41 /* di */,
				C41A92CF2747D34B00D05B41 /* ui */,
				C41A92E22747EAC900D05B41 /* extensions */,
				C47C0A97270D8358009A6A4F /* NotEnoughProductionApp.swift */,
			);
			path = Shared;
			sourceTree = "<group>";
		};
		C41A92C42747D1F600D05B41 /* di */ = {
			isa = PBXGroup;
			children = (
				C41A92D72747DBF900D05B41 /* domain */,
				C41A92C52747D20300D05B41 /* AppComponent.swift */,
				C41A92C72747D2D300D05B41 /* AppModule.swift */,
				C41A92D52747D7D600D05B41 /* DatabaseModule.swift */,
				C41A92C92747D2F700D05B41 /* DomainModule.swift */,
				C41A92CB2747D31100D05B41 /* UIModule.swift */,
				C41A92CD2747D32C00D05B41 /* SwiftUIViewModel.swift */,
			);
			path = di;
			sourceTree = "<group>";
		};
		C41A92CF2747D34B00D05B41 /* ui */ = {
			isa = PBXGroup;
			children = (
				C41A92E52747F68C00D05B41 /* elements */,
				C41A92F02748C4ED00D05B41 /* machines */,
				C41A92FD2748D05F00D05B41 /* process */,
				C41A92D02747D37C00D05B41 /* main */,
				C41A930C274A365900D05B41 /* util */,
			);
			path = ui;
			sourceTree = "<group>";
		};
		C41A92D02747D37C00D05B41 /* main */ = {
			isa = PBXGroup;
			children = (
				C41A92EA27480C3A00D05B41 /* machines */,
				C41A92DA2747DCB000D05B41 /* items */,
				C41A92F82748C79300D05B41 /* process */,
				C41A92D12747D38600D05B41 /* MainSwiftUIViewModel.swift */,
			);
			path = main;
			sourceTree = "<group>";
		};
		C41A92D72747DBF900D05B41 /* domain */ = {
			isa = PBXGroup;
			children = (
				C41A92D82747DC0700D05B41 /* ItemDomainModule.swift */,
				C41A92E827480B6F00D05B41 /* MachineDomainModule.swift */,
				C41A92FB2748CDE100D05B41 /* ProcessDomainModule.swift */,
			);
			path = domain;
			sourceTree = "<group>";
		};
		C41A92DA2747DCB000D05B41 /* items */ = {
			isa = PBXGroup;
			children = (
				C41A92DB2747DCC100D05B41 /* ItemBrowserSwiftUIViewModel.swift */,
			);
			path = items;
			sourceTree = "<group>";
		};
		C41A92DD2747E13300D05B41 /* ui */ = {
			isa = PBXGroup;
			children = (
				C41A92DE2747E13E00D05B41 /* main */,
				C41A930827493D0600D05B41 /* util */,
			);
			path = ui;
			sourceTree = "<group>";
		};
		C41A92DE2747E13E00D05B41 /* main */ = {
			isa = PBXGroup;
			children = (
				C41A92DF2747E14500D05B41 /* items */,
				C41A92ED27480E4400D05B41 /* machines */,
				C41A92F52748C77200D05B41 /* process */,
				C41A92D32747D4D500D05B41 /* MainScreen.swift */,
			);
			path = main;
			sourceTree = "<group>";
		};
		C41A92DF2747E14500D05B41 /* items */ = {
			isa = PBXGroup;
			children = (
				C41A92E02747E14F00D05B41 /* ItemBrowser.swift */,
			);
			path = items;
			sourceTree = "<group>";
		};
		C41A92E22747EAC900D05B41 /* extensions */ = {
			isa = PBXGroup;
			children = (
				C41A92E32747EADE00D05B41 /* ModelRecipeElement.swift */,
				C41A92F32748C53B00D05B41 /* String.swift */,
				C41A93002748D10300D05B41 /* StringResolver.swift */,
				C41A9302274930DD00D05B41 /* ProcessIdName.swift */,
			);
			path = extensions;
			sourceTree = "<group>";
		};
		C41A92E52747F68C00D05B41 /* elements */ = {
			isa = PBXGroup;
			children = (
				C41A92E62747F6A300D05B41 /* RecipeElementItem.swift */,
			);
			path = elements;
			sourceTree = "<group>";
		};
		C41A92EA27480C3A00D05B41 /* machines */ = {
			isa = PBXGroup;
			children = (
				C41A92EB27480C7300D05B41 /* MachineBrowserSwiftUIViewModel.swift */,
			);
			path = machines;
			sourceTree = "<group>";
		};
		C41A92ED27480E4400D05B41 /* machines */ = {
			isa = PBXGroup;
			children = (
				C41A92EE27480E5500D05B41 /* MachineBrowser.swift */,
			);
			path = machines;
			sourceTree = "<group>";
		};
		C41A92F02748C4ED00D05B41 /* machines */ = {
			isa = PBXGroup;
			children = (
				C41A92F12748C4F900D05B41 /* MachineItem.swift */,
			);
			path = machines;
			sourceTree = "<group>";
		};
		C41A92F52748C77200D05B41 /* process */ = {
			isa = PBXGroup;
			children = (
				C41A92F62748C78900D05B41 /* ProcessList.swift */,
				C41A93042749357300D05B41 /* ProcessRenameSheet.swift */,
				C41A930F274A522100D05B41 /* ProcessImportSheet.swift */,
				C41A9313274A53E400D05B41 /* ProcessExportSheet.swift */,
			);
			path = process;
			sourceTree = "<group>";
		};
		C41A92F82748C79300D05B41 /* process */ = {
			isa = PBXGroup;
			children = (
				C41A92F92748C7A300D05B41 /* ProcessListSwiftUIViewModel.swift */,
			);
			path = process;
			sourceTree = "<group>";
		};
		C41A92FD2748D05F00D05B41 /* process */ = {
			isa = PBXGroup;
			children = (
				C41A92FE2748D07B00D05B41 /* ProcessSummaryItem.swift */,
				C41A93062749358E00D05B41 /* ProcessRenameSwiftUIViewModel.swift */,
				C41A9311274A523400D05B41 /* ProcessImportSwiftUIViewModel.swift */,
			);
			path = process;
			sourceTree = "<group>";
		};
		C41A930827493D0600D05B41 /* util */ = {
			isa = PBXGroup;
			children = (
				C41A930927493D1200D05B41 /* TextFieldContainer.swift */,
			);
			path = util;
			sourceTree = "<group>";
		};
		C41A930C274A365900D05B41 /* util */ = {
			isa = PBXGroup;
			children = (
				C41A930D274A366B00D05B41 /* SnackBar.swift */,
			);
			path = util;
			sourceTree = "<group>";
		};
		C47C0A8B270D8358009A6A4F = {
			isa = PBXGroup;
			children = (
				C47C0AA5270D9E60009A6A4F /* Shared.xcframework */,
				C41A92BD2747D18700D05B41 /* Shared */,
				C47C0A96270D8358009A6A4F /* NotEnoughProduction */,
				C47C0A95270D8358009A6A4F /* Products */,
				C67BC56AF29B8800FB29ED0B /* Pods */,
				D4D44BC1E6C87D9699E23A5E /* Frameworks */,
			);
			sourceTree = "<group>";
		};
		C47C0A95270D8358009A6A4F /* Products */ = {
			isa = PBXGroup;
			children = (
				C47C0A94270D8358009A6A4F /* NotEnoughProduction.app */,
			);
			name = Products;
			sourceTree = "<group>";
		};
		C47C0A96270D8358009A6A4F /* NotEnoughProduction */ = {
			isa = PBXGroup;
			children = (
				C49D93EB270EF9F40057BB63 /* Info.plist */,
				C41A92DD2747E13300D05B41 /* ui */,
				C47C0A9B270D835A009A6A4F /* Assets.xcassets */,
				C47C0A9D270D835A009A6A4F /* Preview Content */,
			);
			path = NotEnoughProduction;
			sourceTree = "<group>";
		};
		C47C0A9D270D835A009A6A4F /* Preview Content */ = {
			isa = PBXGroup;
			children = (
				C47C0A9E270D835A009A6A4F /* Preview Assets.xcassets */,
			);
			path = "Preview Content";
			sourceTree = "<group>";
		};
		C67BC56AF29B8800FB29ED0B /* Pods */ = {
			isa = PBXGroup;
			children = (
				C6FC1DA07691A09C62C2FCC1 /* Pods-NotEnoughProduction.debug.xcconfig */,
				0C4607C414D7C1BB153B0525 /* Pods-NotEnoughProduction.release.xcconfig */,
			);
			path = Pods;
			sourceTree = "<group>";
		};
		D4D44BC1E6C87D9699E23A5E /* Frameworks */ = {
			isa = PBXGroup;
			children = (
				833FBEDAAC6FDBBBB6D10118 /* Pods_NotEnoughProduction.framework */,
			);
			name = Frameworks;
			sourceTree = "<group>";
		};
/* End PBXGroup section */

/* Begin PBXNativeTarget section */
		C47C0A93270D8358009A6A4F /* NotEnoughProduction */ = {
			isa = PBXNativeTarget;
			buildConfigurationList = C47C0AA2270D835A009A6A4F /* Build configuration list for PBXNativeTarget "NotEnoughProduction" */;
			buildPhases = (
				0A7F0474FE11FF558BC113B4 /* [CP] Check Pods Manifest.lock */,
				C47C0A90270D8358009A6A4F /* Sources */,
				C47C0A91270D8358009A6A4F /* Frameworks */,
				C49D93ED270EFA200057BB63 /* Copy Resources */,
				C47C0A92270D8358009A6A4F /* Resources */,
				C47C0AAC270DA508009A6A4F /* Lint */,
			);
			buildRules = (
			);
			dependencies = (
			);
			name = NotEnoughProduction;
			packageProductDependencies = (
				C41A92C22747D1EF00D05B41 /* Cleanse */,
			);
			productName = NotEnoughProduction;
			productReference = C47C0A94270D8358009A6A4F /* NotEnoughProduction.app */;
			productType = "com.apple.product-type.application";
		};
/* End PBXNativeTarget section */

/* Begin PBXProject section */
		C47C0A8C270D8358009A6A4F /* Project object */ = {
			isa = PBXProject;
			attributes = {
				BuildIndependentTargetsInParallel = 1;
				LastSwiftUpdateCheck = 1300;
				LastUpgradeCheck = 1300;
				TargetAttributes = {
					C47C0A93270D8358009A6A4F = {
						CreatedOnToolsVersion = 13.0;
					};
				};
			};
			buildConfigurationList = C47C0A8F270D8358009A6A4F /* Build configuration list for PBXProject "NotEnoughProduction" */;
			compatibilityVersion = "Xcode 13.0";
			developmentRegion = en;
			hasScannedForEncodings = 0;
			knownRegions = (
				en,
				Base,
			);
			mainGroup = C47C0A8B270D8358009A6A4F;
			packageReferences = (
				C41A92C12747D1EF00D05B41 /* XCRemoteSwiftPackageReference "Cleanse" */,
			);
			productRefGroup = C47C0A95270D8358009A6A4F /* Products */;
			projectDirPath = "";
			projectRoot = "";
			targets = (
				C47C0A93270D8358009A6A4F /* NotEnoughProduction */,
			);
		};
/* End PBXProject section */

/* Begin PBXResourcesBuildPhase section */
		C47C0A92270D8358009A6A4F /* Resources */ = {
			isa = PBXResourcesBuildPhase;
			buildActionMask = 2147483647;
			files = (
				C47C0A9F270D835A009A6A4F /* Preview Assets.xcassets in Resources */,
				C47C0A9C270D835A009A6A4F /* Assets.xcassets in Resources */,
			);
			runOnlyForDeploymentPostprocessing = 0;
		};
/* End PBXResourcesBuildPhase section */

/* Begin PBXShellScriptBuildPhase section */
		0A7F0474FE11FF558BC113B4 /* [CP] Check Pods Manifest.lock */ = {
			isa = PBXShellScriptBuildPhase;
			buildActionMask = 2147483647;
			files = (
			);
			inputFileListPaths = (
			);
			inputPaths = (
				"${PODS_PODFILE_DIR_PATH}/Podfile.lock",
				"${PODS_ROOT}/Manifest.lock",
			);
			name = "[CP] Check Pods Manifest.lock";
			outputFileListPaths = (
			);
			outputPaths = (
				"$(DERIVED_FILE_DIR)/Pods-NotEnoughProduction-checkManifestLockResult.txt",
			);
			runOnlyForDeploymentPostprocessing = 0;
			shellPath = /bin/sh;
			shellScript = "diff \"${PODS_PODFILE_DIR_PATH}/Podfile.lock\" \"${PODS_ROOT}/Manifest.lock\" > /dev/null\nif [ $? != 0 ] ; then\n    # print error to STDERR\n    echo \"error: The sandbox is not in sync with the Podfile.lock. Run 'pod install' or update your CocoaPods installation.\" >&2\n    exit 1\nfi\n# This output is used by Xcode 'outputs' to avoid re-running this script phase.\necho \"SUCCESS\" > \"${SCRIPT_OUTPUT_FILE_0}\"\n";
			showEnvVarsInLog = 0;
		};
		C47C0AAC270DA508009A6A4F /* Lint */ = {
			isa = PBXShellScriptBuildPhase;
			buildActionMask = 2147483647;
			files = (
			);
			inputFileListPaths = (
			);
			inputPaths = (
			);
			name = Lint;
			outputFileListPaths = (
			);
			outputPaths = (
			);
			runOnlyForDeploymentPostprocessing = 0;
			shellPath = /bin/sh;
			shellScript = "# Type a script or drag a script file from your workspace to insert its path.\nif which swiftlint >\"${PODS_ROOT}/SwiftLint/swiftlint\"; then\n  swiftlint\nelse\n  echo \"warning: SwiftLint not installed, download from https://github.com/realm/SwiftLint\"\nfi\n";
		};
		C49D93ED270EFA200057BB63 /* Copy Resources */ = {
			isa = PBXShellScriptBuildPhase;
			buildActionMask = 2147483647;
			files = (
			);
			inputFileListPaths = (
			);
			inputPaths = (
			);
			name = "Copy Resources";
			outputFileListPaths = (
			);
			outputPaths = (
			);
			runOnlyForDeploymentPostprocessing = 0;
			shellPath = /bin/sh;
			shellScript = "# Type a script or drag a script file from your workspace to insert its path.\n\"$SRCROOT/../../gradlew\" -p \"$SRCROOT/../../\" :shared:copyFrameworkResourcesToApp \\\n    -Pmoko.resources.PLATFORM_NAME=$PLATFORM_NAME \\\n    -Pmoko.resources.CONFIGURATION=$CONFIGURATION \\\n    -Pmoko.resources.BUILT_PRODUCTS_DIR=$BUILT_PRODUCTS_DIR \\\n    -Pmoko.resources.CONTENTS_FOLDER_PATH=$CONTENTS_FOLDER_PATH\n";
		};
/* End PBXShellScriptBuildPhase section */

/* Begin PBXSourcesBuildPhase section */
		C47C0A90270D8358009A6A4F /* Sources */ = {
			isa = PBXSourcesBuildPhase;
			buildActionMask = 2147483647;
			files = (
				C41A92E42747EADE00D05B41 /* ModelRecipeElement.swift in Sources */,
				C41A92E12747E14F00D05B41 /* ItemBrowser.swift in Sources */,
				C41A92F42748C53B00D05B41 /* String.swift in Sources */,
				C41A92E72747F6A300D05B41 /* RecipeElementItem.swift in Sources */,
				C41A92FA2748C7A300D05B41 /* ProcessListSwiftUIViewModel.swift in Sources */,
				C41A93012748D10300D05B41 /* StringResolver.swift in Sources */,
				C41A92D22747D38600D05B41 /* MainSwiftUIViewModel.swift in Sources */,
				C41A930A27493D1200D05B41 /* TextFieldContainer.swift in Sources */,
				C41A9310274A522100D05B41 /* ProcessImportSheet.swift in Sources */,
				C41A9312274A523400D05B41 /* ProcessImportSwiftUIViewModel.swift in Sources */,
				C41A92CA2747D2F700D05B41 /* DomainModule.swift in Sources */,
				C41A93072749358E00D05B41 /* ProcessRenameSwiftUIViewModel.swift in Sources */,
				C41A92C82747D2D300D05B41 /* AppModule.swift in Sources */,
				C41A9314274A53E400D05B41 /* ProcessExportSheet.swift in Sources */,
				C41A92E927480B6F00D05B41 /* MachineDomainModule.swift in Sources */,
				C41A92FF2748D07B00D05B41 /* ProcessSummaryItem.swift in Sources */,
				C41A930E274A366B00D05B41 /* SnackBar.swift in Sources */,
				C47C0A98270D8358009A6A4F /* NotEnoughProductionApp.swift in Sources */,
				C41A92EC27480C7300D05B41 /* MachineBrowserSwiftUIViewModel.swift in Sources */,
				C41A92F22748C4F900D05B41 /* MachineItem.swift in Sources */,
				C41A92D62747D7D600D05B41 /* DatabaseModule.swift in Sources */,
				C41A9303274930DD00D05B41 /* ProcessIdName.swift in Sources */,
				C41A92DC2747DCC100D05B41 /* ItemBrowserSwiftUIViewModel.swift in Sources */,
				C41A92EF27480E5500D05B41 /* MachineBrowser.swift in Sources */,
				C41A92CE2747D32C00D05B41 /* SwiftUIViewModel.swift in Sources */,
				C41A92D42747D4D500D05B41 /* MainScreen.swift in Sources */,
				C41A92FC2748CDE200D05B41 /* ProcessDomainModule.swift in Sources */,
				C41A92F72748C78900D05B41 /* ProcessList.swift in Sources */,
				C41A92C62747D20300D05B41 /* AppComponent.swift in Sources */,
				C41A92D92747DC0800D05B41 /* ItemDomainModule.swift in Sources */,
				C41A92CC2747D31100D05B41 /* UIModule.swift in Sources */,
				C41A93052749357300D05B41 /* ProcessRenameSheet.swift in Sources */,
			);
			runOnlyForDeploymentPostprocessing = 0;
		};
/* End PBXSourcesBuildPhase section */

/* Begin XCBuildConfiguration section */
		C47C0AA0270D835A009A6A4F /* Debug */ = {
			isa = XCBuildConfiguration;
			buildSettings = {
				ALWAYS_SEARCH_USER_PATHS = NO;
				CLANG_ANALYZER_NONNULL = YES;
				CLANG_ANALYZER_NUMBER_OBJECT_CONVERSION = YES_AGGRESSIVE;
				CLANG_CXX_LANGUAGE_STANDARD = "gnu++17";
				CLANG_CXX_LIBRARY = "libc++";
				CLANG_ENABLE_MODULES = YES;
				CLANG_ENABLE_OBJC_ARC = YES;
				CLANG_ENABLE_OBJC_WEAK = YES;
				CLANG_WARN_BLOCK_CAPTURE_AUTORELEASING = YES;
				CLANG_WARN_BOOL_CONVERSION = YES;
				CLANG_WARN_COMMA = YES;
				CLANG_WARN_CONSTANT_CONVERSION = YES;
				CLANG_WARN_DEPRECATED_OBJC_IMPLEMENTATIONS = YES;
				CLANG_WARN_DIRECT_OBJC_ISA_USAGE = YES_ERROR;
				CLANG_WARN_DOCUMENTATION_COMMENTS = YES;
				CLANG_WARN_EMPTY_BODY = YES;
				CLANG_WARN_ENUM_CONVERSION = YES;
				CLANG_WARN_INFINITE_RECURSION = YES;
				CLANG_WARN_INT_CONVERSION = YES;
				CLANG_WARN_NON_LITERAL_NULL_CONVERSION = YES;
				CLANG_WARN_OBJC_IMPLICIT_RETAIN_SELF = YES;
				CLANG_WARN_OBJC_LITERAL_CONVERSION = YES;
				CLANG_WARN_OBJC_ROOT_CLASS = YES_ERROR;
				CLANG_WARN_QUOTED_INCLUDE_IN_FRAMEWORK_HEADER = YES;
				CLANG_WARN_RANGE_LOOP_ANALYSIS = YES;
				CLANG_WARN_STRICT_PROTOTYPES = YES;
				CLANG_WARN_SUSPICIOUS_MOVE = YES;
				CLANG_WARN_UNGUARDED_AVAILABILITY = YES_AGGRESSIVE;
				CLANG_WARN_UNREACHABLE_CODE = YES;
				CLANG_WARN__DUPLICATE_METHOD_MATCH = YES;
				COPY_PHASE_STRIP = NO;
				DEBUG_INFORMATION_FORMAT = dwarf;
				ENABLE_STRICT_OBJC_MSGSEND = YES;
				ENABLE_TESTABILITY = YES;
				GCC_C_LANGUAGE_STANDARD = gnu11;
				GCC_DYNAMIC_NO_PIC = NO;
				GCC_NO_COMMON_BLOCKS = YES;
				GCC_OPTIMIZATION_LEVEL = 0;
				GCC_PREPROCESSOR_DEFINITIONS = (
					"DEBUG=1",
					"$(inherited)",
				);
				GCC_WARN_64_TO_32_BIT_CONVERSION = YES;
				GCC_WARN_ABOUT_RETURN_TYPE = YES_ERROR;
				GCC_WARN_UNDECLARED_SELECTOR = YES;
				GCC_WARN_UNINITIALIZED_AUTOS = YES_AGGRESSIVE;
				GCC_WARN_UNUSED_FUNCTION = YES;
				GCC_WARN_UNUSED_VARIABLE = YES;
				IPHONEOS_DEPLOYMENT_TARGET = 15.0;
				MTL_ENABLE_DEBUG_INFO = INCLUDE_SOURCE;
				MTL_FAST_MATH = YES;
				ONLY_ACTIVE_ARCH = YES;
				SDKROOT = iphoneos;
				SWIFT_ACTIVE_COMPILATION_CONDITIONS = DEBUG;
				SWIFT_OPTIMIZATION_LEVEL = "-Onone";
			};
			name = Debug;
		};
		C47C0AA1270D835A009A6A4F /* Release */ = {
			isa = XCBuildConfiguration;
			buildSettings = {
				ALWAYS_SEARCH_USER_PATHS = NO;
				CLANG_ANALYZER_NONNULL = YES;
				CLANG_ANALYZER_NUMBER_OBJECT_CONVERSION = YES_AGGRESSIVE;
				CLANG_CXX_LANGUAGE_STANDARD = "gnu++17";
				CLANG_CXX_LIBRARY = "libc++";
				CLANG_ENABLE_MODULES = YES;
				CLANG_ENABLE_OBJC_ARC = YES;
				CLANG_ENABLE_OBJC_WEAK = YES;
				CLANG_WARN_BLOCK_CAPTURE_AUTORELEASING = YES;
				CLANG_WARN_BOOL_CONVERSION = YES;
				CLANG_WARN_COMMA = YES;
				CLANG_WARN_CONSTANT_CONVERSION = YES;
				CLANG_WARN_DEPRECATED_OBJC_IMPLEMENTATIONS = YES;
				CLANG_WARN_DIRECT_OBJC_ISA_USAGE = YES_ERROR;
				CLANG_WARN_DOCUMENTATION_COMMENTS = YES;
				CLANG_WARN_EMPTY_BODY = YES;
				CLANG_WARN_ENUM_CONVERSION = YES;
				CLANG_WARN_INFINITE_RECURSION = YES;
				CLANG_WARN_INT_CONVERSION = YES;
				CLANG_WARN_NON_LITERAL_NULL_CONVERSION = YES;
				CLANG_WARN_OBJC_IMPLICIT_RETAIN_SELF = YES;
				CLANG_WARN_OBJC_LITERAL_CONVERSION = YES;
				CLANG_WARN_OBJC_ROOT_CLASS = YES_ERROR;
				CLANG_WARN_QUOTED_INCLUDE_IN_FRAMEWORK_HEADER = YES;
				CLANG_WARN_RANGE_LOOP_ANALYSIS = YES;
				CLANG_WARN_STRICT_PROTOTYPES = YES;
				CLANG_WARN_SUSPICIOUS_MOVE = YES;
				CLANG_WARN_UNGUARDED_AVAILABILITY = YES_AGGRESSIVE;
				CLANG_WARN_UNREACHABLE_CODE = YES;
				CLANG_WARN__DUPLICATE_METHOD_MATCH = YES;
				COPY_PHASE_STRIP = NO;
				DEBUG_INFORMATION_FORMAT = "dwarf-with-dsym";
				ENABLE_NS_ASSERTIONS = NO;
				ENABLE_STRICT_OBJC_MSGSEND = YES;
				GCC_C_LANGUAGE_STANDARD = gnu11;
				GCC_NO_COMMON_BLOCKS = YES;
				GCC_WARN_64_TO_32_BIT_CONVERSION = YES;
				GCC_WARN_ABOUT_RETURN_TYPE = YES_ERROR;
				GCC_WARN_UNDECLARED_SELECTOR = YES;
				GCC_WARN_UNINITIALIZED_AUTOS = YES_AGGRESSIVE;
				GCC_WARN_UNUSED_FUNCTION = YES;
				GCC_WARN_UNUSED_VARIABLE = YES;
				IPHONEOS_DEPLOYMENT_TARGET = 15.0;
				MTL_ENABLE_DEBUG_INFO = NO;
				MTL_FAST_MATH = YES;
				SDKROOT = iphoneos;
				SWIFT_COMPILATION_MODE = wholemodule;
				SWIFT_OPTIMIZATION_LEVEL = "-O";
				VALIDATE_PRODUCT = YES;
			};
			name = Release;
		};
		C47C0AA3270D835A009A6A4F /* Debug */ = {
			isa = XCBuildConfiguration;
			baseConfigurationReference = C6FC1DA07691A09C62C2FCC1 /* Pods-NotEnoughProduction.debug.xcconfig */;
			buildSettings = {
				ASSETCATALOG_COMPILER_APPICON_NAME = AppIcon;
				ASSETCATALOG_COMPILER_GLOBAL_ACCENT_COLOR_NAME = AccentColor;
				CODE_SIGN_STYLE = Automatic;
				CURRENT_PROJECT_VERSION = 1;
				DEVELOPMENT_ASSET_PATHS = "\"NotEnoughProduction/Preview Content\"";
				DEVELOPMENT_TEAM = 888A6PYX4T;
				ENABLE_PREVIEWS = YES;
				FRAMEWORK_SEARCH_PATHS = "${SRCROOT}/../../shared/swiftpackage";
				GENERATE_INFOPLIST_FILE = YES;
				INFOPLIST_FILE = NotEnoughProduction/Info.plist;
				INFOPLIST_KEY_UIApplicationSceneManifest_Generation = YES;
				INFOPLIST_KEY_UIApplicationSupportsIndirectInputEvents = YES;
				INFOPLIST_KEY_UILaunchScreen_Generation = YES;
				INFOPLIST_KEY_UISupportedInterfaceOrientations_iPad = "UIInterfaceOrientationPortrait UIInterfaceOrientationPortraitUpsideDown UIInterfaceOrientationLandscapeLeft UIInterfaceOrientationLandscapeRight";
				INFOPLIST_KEY_UISupportedInterfaceOrientations_iPhone = "UIInterfaceOrientationPortrait UIInterfaceOrientationLandscapeLeft UIInterfaceOrientationLandscapeRight";
				IPHONEOS_DEPLOYMENT_TARGET = 15.0;
				"KOTLIN_TARGET[sdk=iphoneos*]" = ios_arm64;
				"KOTLIN_TARGET[sdk=iphonesimulator*]" = ios_x64;
				LD_RUNPATH_SEARCH_PATHS = (
					"$(inherited)",
					"@executable_path/Frameworks",
				);
				MARKETING_VERSION = 1.0;
				OTHER_LDFLAGS = "-lsqlite3";
				PRODUCT_BUNDLE_IDENTIFIER = com.xhlab.nep;
				PRODUCT_NAME = "$(TARGET_NAME)";
				SWIFT_EMIT_LOC_STRINGS = YES;
				SWIFT_VERSION = 5.0;
				TARGETED_DEVICE_FAMILY = "1,2";
			};
			name = Debug;
		};
		C47C0AA4270D835A009A6A4F /* Release */ = {
			isa = XCBuildConfiguration;
			baseConfigurationReference = 0C4607C414D7C1BB153B0525 /* Pods-NotEnoughProduction.release.xcconfig */;
			buildSettings = {
				ASSETCATALOG_COMPILER_APPICON_NAME = AppIcon;
				ASSETCATALOG_COMPILER_GLOBAL_ACCENT_COLOR_NAME = AccentColor;
				CODE_SIGN_STYLE = Automatic;
				CURRENT_PROJECT_VERSION = 1;
				DEVELOPMENT_ASSET_PATHS = "\"NotEnoughProduction/Preview Content\"";
				DEVELOPMENT_TEAM = 888A6PYX4T;
				ENABLE_PREVIEWS = YES;
				FRAMEWORK_SEARCH_PATHS = "${SRCROOT}/../../shared/swiftpackage";
				GENERATE_INFOPLIST_FILE = YES;
				INFOPLIST_FILE = NotEnoughProduction/Info.plist;
				INFOPLIST_KEY_UIApplicationSceneManifest_Generation = YES;
				INFOPLIST_KEY_UIApplicationSupportsIndirectInputEvents = YES;
				INFOPLIST_KEY_UILaunchScreen_Generation = YES;
				INFOPLIST_KEY_UISupportedInterfaceOrientations_iPad = "UIInterfaceOrientationPortrait UIInterfaceOrientationPortraitUpsideDown UIInterfaceOrientationLandscapeLeft UIInterfaceOrientationLandscapeRight";
				INFOPLIST_KEY_UISupportedInterfaceOrientations_iPhone = "UIInterfaceOrientationPortrait UIInterfaceOrientationLandscapeLeft UIInterfaceOrientationLandscapeRight";
				IPHONEOS_DEPLOYMENT_TARGET = 15.0;
				"KOTLIN_TARGET[sdk=iphoneos*]" = ios_arm64;
				"KOTLIN_TARGET[sdk=iphonesimulator*]" = ios_x64;
				LD_RUNPATH_SEARCH_PATHS = (
					"$(inherited)",
					"@executable_path/Frameworks",
				);
				MARKETING_VERSION = 1.0;
				OTHER_LDFLAGS = "-lsqlite3";
				PRODUCT_BUNDLE_IDENTIFIER = com.xhlab.nep;
				PRODUCT_NAME = "$(TARGET_NAME)";
				SWIFT_EMIT_LOC_STRINGS = YES;
				SWIFT_VERSION = 5.0;
				TARGETED_DEVICE_FAMILY = "1,2";
			};
			name = Release;
		};
/* End XCBuildConfiguration section */

/* Begin XCConfigurationList section */
		C47C0A8F270D8358009A6A4F /* Build configuration list for PBXProject "NotEnoughProduction" */ = {
			isa = XCConfigurationList;
			buildConfigurations = (
				C47C0AA0270D835A009A6A4F /* Debug */,
				C47C0AA1270D835A009A6A4F /* Release */,
			);
			defaultConfigurationIsVisible = 0;
			defaultConfigurationName = Release;
		};
		C47C0AA2270D835A009A6A4F /* Build configuration list for PBXNativeTarget "NotEnoughProduction" */ = {
			isa = XCConfigurationList;
			buildConfigurations = (
				C47C0AA3270D835A009A6A4F /* Debug */,
				C47C0AA4270D835A009A6A4F /* Release */,
			);
			defaultConfigurationIsVisible = 0;
			defaultConfigurationName = Release;
		};
/* End XCConfigurationList section */

/* Begin XCRemoteSwiftPackageReference section */
		C41A92C12747D1EF00D05B41 /* XCRemoteSwiftPackageReference "Cleanse" */ = {
			isa = XCRemoteSwiftPackageReference;
			repositoryURL = "https://github.com/square/Cleanse.git";
			requirement = {
				kind = upToNextMajorVersion;
				minimumVersion = 4.0.0;
			};
		};
/* End XCRemoteSwiftPackageReference section */

/* Begin XCSwiftPackageProductDependency section */
		C41A92C22747D1EF00D05B41 /* Cleanse */ = {
			isa = XCSwiftPackageProductDependency;
			package = C41A92C12747D1EF00D05B41 /* XCRemoteSwiftPackageReference "Cleanse" */;
			productName = Cleanse;
		};
/* End XCSwiftPackageProductDependency section */
	};
	rootObject = C47C0A8C270D8358009A6A4F /* Project object */;
}
